Microsoft Visual Studio Solution File, Format Version 12.00
# Visual Studio Version 17
VisualStudioVersion = 17.5.2.0
MinimumVisualStudioVersion = 10.0.40219.1
Project("{FAE04EC0-301F-11D3-BF4B-00C04F79EFBC}") = "APP.BLL", "APP.BLL\APP.BLL.csproj", "{56D56E56-C132-09ED-5B6B-85D559D0F6CF}"
EndProject
Project("{FAE04EC0-301F-11D3-BF4B-00C04F79EFBC}") = "APP.DAL", "APP.DAL\APP.DAL.csproj", "{BE4EE9BA-B732-F704-208B-42E2B2A5BE20}"
EndProject
Project("{FAE04EC0-301F-11D3-BF4B-00C04F79EFBC}") = "APP.API", "APP.API\APP.API.csproj", "{9DA71A78-A28F-8F84-EF7E-17686113D26D}"
EndProject
Global
	GlobalSection(SolutionConfigurationPlatforms) = preSolution
		Debug|Any CPU = Debug|Any CPU
		Release|Any CPU = Release|Any CPU
	EndGlobalSection
	GlobalSection(ProjectConfigurationPlatforms) = postSolution
		{56D56E56-C132-09ED-5B6B-85D559D0F6CF}.Debug|Any CPU.ActiveCfg = Debug|Any CPU
		{56D56E56-C132-09ED-5B6B-85D559D0F6CF}.Debug|Any CPU.Build.0 = Debug|Any CPU
		{56D56E56-C132-09ED-5B6B-85D559D0F6CF}.Release|Any CPU.ActiveCfg = Release|Any CPU
		{56D56E56-C132-09ED-5B6B-85D559D0F6CF}.Release|Any CPU.Build.0 = Release|Any CPU
		{BE4EE9BA-B732-F704-208B-42E2B2A5BE20}.Debug|Any CPU.ActiveCfg = Debug|Any CPU
		{BE4EE9BA-B732-F704-208B-42E2B2A5BE20}.Debug|Any CPU.Build.0 = Debug|Any CPU
		{BE4EE9BA-B732-F704-208B-42E2B2A5BE20}.Release|Any CPU.ActiveCfg = Release|Any CPU
		{BE4EE9BA-B732-F704-208B-42E2B2A5BE20}.Release|Any CPU.Build.0 = Release|Any CPU
		{9DA71A78-A28F-8F84-EF7E-17686113D26D}.Debug|Any CPU.ActiveCfg = Debug|Any CPU
		{9DA71A78-A28F-8F84-EF7E-17686113D26D}.Debug|Any CPU.Build.0 = Debug|Any CPU
		{9DA71A78-A28F-8F84-EF7E-17686113D26D}.Release|Any CPU.ActiveCfg = Release|Any CPU
		{9DA71A78-A28F-8F84-EF7E-17686113D26D}.Release|Any CPU.Build.0 = Release|Any CPU
	EndGlobalSection
	GlobalSection(SolutionProperties) = preSolution
		HideSolutionNode = FALSE
	EndGlobalSection
	GlobalSection(ExtensibilityGlobals) = postSolution
		SolutionGuid = {782AB4F0-1D4E-4AE0-A0BB-78E110B14008}
	EndGlobalSection
EndGlobal
